
Microsoft Visual Studio Solution File, Format Version 12.00
# Visual Studio Version 17
VisualStudioVersion = 17.7.34031.279
MinimumVisualStudioVersion = 10.0.40219.1
Project("{FAE04EC0-301F-11D3-BF4B-00C04F79EFBC}") = "baitap", "baitap\baitap.csproj", "{5ADCFB86-E779-4F7E-A2E7-0AA79488224E}"
EndProject
Global
	GlobalSection(SolutionConfigurationPlatforms) = preSolution
		Debug|Any CPU = Debug|Any CPU
		Release|Any CPU = Release|Any CPU
	EndGlobalSection
	GlobalSection(ProjectConfigurationPlatforms) = postSolution
		{5ADCFB86-E779-4F7E-A2E7-0AA79488224E}.Debug|Any CPU.ActiveCfg = Debug|Any CPU
		{5ADCFB86-E779-4F7E-A2E7-0AA79488224E}.Debug|Any CPU.Build.0 = Debug|Any CPU
		{5ADCFB86-E779-4F7E-A2E7-0AA79488224E}.Release|Any CPU.ActiveCfg = Release|Any CPU
		{5ADCFB86-E779-4F7E-A2E7-0AA79488224E}.Release|Any CPU.Build.0 = Release|Any CPU
	EndGlobalSection
	GlobalSection(SolutionProperties) = preSolution
		HideSolutionNode = FALSE
	EndGlobalSection
	GlobalSection(ExtensibilityGlobals) = postSolution
		SolutionGuid = {DC338F97-F1DF-4702-9E3F-FF853C10C2AC}
	EndGlobalSection
EndGlobal
